
Microsoft Visual Studio Solution File, Format Version 12.00
# Visual Studio 15
VisualStudioVersion = 15.0.26430.12
MinimumVisualStudioVersion = 10.0.40219.1
Project("{FAE04EC0-301F-11D3-BF4B-00C04F79EFBC}") = "Loan.Web", "Loan.Web\Loan.Web.csproj", "{A18056FD-99A9-47EF-BA1B-8F31F3D6EC68}"
EndProject
Project("{FAE04EC0-301F-11D3-BF4B-00C04F79EFBC}") = "Loan.Web.Test", "Loan.Web.Test\Loan.Web.Test.csproj", "{A808DF0C-A1C8-4B4F-ADCC-6E75E621B071}"
EndProject
Project("{FAE04EC0-301F-11D3-BF4B-00C04F79EFBC}") = "Loan.Domain", "Loan.Domain\Loan.Domain.csproj", "{8A519643-5C97-4941-819C-35EA290A65F8}"
EndProject
Project("{FAE04EC0-301F-11D3-BF4B-00C04F79EFBC}") = "Loan.Repositories", "Loan.Repositories\Loan.Repositories.csproj", "{0033869C-9B75-4088-8CB0-07744ACEEF96}"
EndProject
Global
	GlobalSection(SolutionConfigurationPlatforms) = preSolution
		Debug|Any CPU = Debug|Any CPU
		Release|Any CPU = Release|Any CPU
	EndGlobalSection
	GlobalSection(ProjectConfigurationPlatforms) = postSolution
		{A18056FD-99A9-47EF-BA1B-8F31F3D6EC68}.Debug|Any CPU.ActiveCfg = Debug|Any CPU
		{A18056FD-99A9-47EF-BA1B-8F31F3D6EC68}.Debug|Any CPU.Build.0 = Debug|Any CPU
		{A18056FD-99A9-47EF-BA1B-8F31F3D6EC68}.Release|Any CPU.ActiveCfg = Release|Any CPU
		{A18056FD-99A9-47EF-BA1B-8F31F3D6EC68}.Release|Any CPU.Build.0 = Release|Any CPU
		{A808DF0C-A1C8-4B4F-ADCC-6E75E621B071}.Debug|Any CPU.ActiveCfg = Debug|Any CPU
		{A808DF0C-A1C8-4B4F-ADCC-6E75E621B071}.Debug|Any CPU.Build.0 = Debug|Any CPU
		{A808DF0C-A1C8-4B4F-ADCC-6E75E621B071}.Release|Any CPU.ActiveCfg = Release|Any CPU
		{A808DF0C-A1C8-4B4F-ADCC-6E75E621B071}.Release|Any CPU.Build.0 = Release|Any CPU
		{8A519643-5C97-4941-819C-35EA290A65F8}.Debug|Any CPU.ActiveCfg = Debug|Any CPU
		{8A519643-5C97-4941-819C-35EA290A65F8}.Debug|Any CPU.Build.0 = Debug|Any CPU
		{8A519643-5C97-4941-819C-35EA290A65F8}.Release|Any CPU.ActiveCfg = Release|Any CPU
		{8A519643-5C97-4941-819C-35EA290A65F8}.Release|Any CPU.Build.0 = Release|Any CPU
		{0033869C-9B75-4088-8CB0-07744ACEEF96}.Debug|Any CPU.ActiveCfg = Debug|Any CPU
		{0033869C-9B75-4088-8CB0-07744ACEEF96}.Debug|Any CPU.Build.0 = Debug|Any CPU
		{0033869C-9B75-4088-8CB0-07744ACEEF96}.Release|Any CPU.ActiveCfg = Release|Any CPU
		{0033869C-9B75-4088-8CB0-07744ACEEF96}.Release|Any CPU.Build.0 = Release|Any CPU
	EndGlobalSection
	GlobalSection(SolutionProperties) = preSolution
		HideSolutionNode = FALSE
	EndGlobalSection
EndGlobal
